
Microsoft Visual Studio Solution File, Format Version 12.00
# Visual Studio Version 17
VisualStudioVersion = 17.2.32516.85
MinimumVisualStudioVersion = 10.0.40219.1
Project("{9A19103F-16F7-4668-BE54-9A1E7A4F7556}") = "HundredDoors", "100Doors\HundredDoors.csproj", "{2DF4534A-14A4-4429-B25A-C6ED8E1D42A4}"
EndProject
Project("{FAE04EC0-301F-11D3-BF4B-00C04F79EFBC}") = "HundredDoors.Tests", "100Doors.Tests\HundredDoors.Tests.csproj", "{0482318D-5B10-4607-987B-6FB52BF355EF}"
EndProject
Global
	GlobalSection(SolutionConfigurationPlatforms) = preSolution
		Debug|Any CPU = Debug|Any CPU
		Release|Any CPU = Release|Any CPU
	EndGlobalSection
	GlobalSection(ProjectConfigurationPlatforms) = postSolution
		{2DF4534A-14A4-4429-B25A-C6ED8E1D42A4}.Debug|Any CPU.ActiveCfg = Debug|Any CPU
		{2DF4534A-14A4-4429-B25A-C6ED8E1D42A4}.Debug|Any CPU.Build.0 = Debug|Any CPU
		{2DF4534A-14A4-4429-B25A-C6ED8E1D42A4}.Release|Any CPU.ActiveCfg = Release|Any CPU
		{2DF4534A-14A4-4429-B25A-C6ED8E1D42A4}.Release|Any CPU.Build.0 = Release|Any CPU
		{0482318D-5B10-4607-987B-6FB52BF355EF}.Debug|Any CPU.ActiveCfg = Debug|Any CPU
		{0482318D-5B10-4607-987B-6FB52BF355EF}.Debug|Any CPU.Build.0 = Debug|Any CPU
		{0482318D-5B10-4607-987B-6FB52BF355EF}.Release|Any CPU.ActiveCfg = Release|Any CPU
		{0482318D-5B10-4607-987B-6FB52BF355EF}.Release|Any CPU.Build.0 = Release|Any CPU
	EndGlobalSection
	GlobalSection(SolutionProperties) = preSolution
		HideSolutionNode = FALSE
	EndGlobalSection
	GlobalSection(ExtensibilityGlobals) = postSolution
		SolutionGuid = {15C60DF7-6C0D-42E6-88C2-2C512F5DB4D5}
	EndGlobalSection
EndGlobal
